
Microsoft Visual Studio Solution File, Format Version 12.00
# Visual Studio Version 17
VisualStudioVersion = 17.0.32112.339
MinimumVisualStudioVersion = 10.0.40219.1
Project("{9A19103F-16F7-4668-BE54-9A1E7A4F7556}") = "ToolGood.TdxFormula", "ToolGood.TdxFormula\ToolGood.TdxFormula.csproj", "{5EC30672-7102-4379-B6A9-553B492E3262}"
EndProject
Global
	GlobalSection(SolutionConfigurationPlatforms) = preSolution
		CUDA|Any CPU = CUDA|Any CPU
		Debug|Any CPU = Debug|Any CPU
		Release|Any CPU = Release|Any CPU
	EndGlobalSection
	GlobalSection(ProjectConfigurationPlatforms) = postSolution
		{5EC30672-7102-4379-B6A9-553B492E3262}.CUDA|Any CPU.ActiveCfg = CUDA|Any CPU
		{5EC30672-7102-4379-B6A9-553B492E3262}.CUDA|Any CPU.Build.0 = CUDA|Any CPU
		{5EC30672-7102-4379-B6A9-553B492E3262}.Debug|Any CPU.ActiveCfg = Debug|Any CPU
		{5EC30672-7102-4379-B6A9-553B492E3262}.Debug|Any CPU.Build.0 = Debug|Any CPU
		{5EC30672-7102-4379-B6A9-553B492E3262}.Release|Any CPU.ActiveCfg = Release|Any CPU
		{5EC30672-7102-4379-B6A9-553B492E3262}.Release|Any CPU.Build.0 = Release|Any CPU
	EndGlobalSection
	GlobalSection(SolutionProperties) = preSolution
		HideSolutionNode = FALSE
	EndGlobalSection
	GlobalSection(ExtensibilityGlobals) = postSolution
		SolutionGuid = {180FD4A5-F7C8-4036-86F8-4120FEC21E2B}
	EndGlobalSection
EndGlobal
