
Microsoft Visual Studio Solution File, Format Version 12.00
# Visual Studio Version 17
VisualStudioVersion = 17.0.32112.339
MinimumVisualStudioVersion = 10.0.40219.1
Project("{9A19103F-16F7-4668-BE54-9A1E7A4F7556}") = "ToolGood.TdxFormula", "ToolGood.TdxFormula\ToolGood.TdxFormula.csproj", "{5EC30672-7102-4379-B6A9-553B492E3262}"
EndProject
Project("{9A19103F-16F7-4668-BE54-9A1E7A4F7556}") = "ToolGood.StockDeepRL", "ToolGood.StockDeepRL\ToolGood.StockDeepRL.csproj", "{F4BB7110-7ACC-4222-97E5-3E2D7C25BA1B}"
EndProject
Project("{9A19103F-16F7-4668-BE54-9A1E7A4F7556}") = "ToolGood.StockDeepRL2", "ToolGood.StockDeepRL2\ToolGood.StockDeepRL2.csproj", "{0A2D1DCF-63EB-4BF4-8997-11ABAE75FA0D}"
EndProject
Project("{2150E333-8FDC-42A3-9474-1A3956D46DE8}") = "0.StockStatistic", "0.StockStatistic", "{7C323183-44C2-4CB3-A22F-94778C4A2550}"
EndProject
Project("{2150E333-8FDC-42A3-9474-1A3956D46DE8}") = "1.CreateZhiBiao", "1.CreateZhiBiao", "{0D3E55A7-4D8B-483E-95D4-5CDF67D3A7BD}"
EndProject
Project("{9A19103F-16F7-4668-BE54-9A1E7A4F7556}") = "ToolGood.CreateZhiBiao", "ToolGood.CreateZhiBiao\ToolGood.CreateZhiBiao.csproj", "{0B07257C-78E1-471D-9F36-0A2F669D8573}"
EndProject
Project("{2150E333-8FDC-42A3-9474-1A3956D46DE8}") = "2.CreateTrainPart", "2.CreateTrainPart", "{9FD722DB-0B67-47FE-9C46-36E747E4FE16}"
EndProject
Project("{9A19103F-16F7-4668-BE54-9A1E7A4F7556}") = "ToolGood.Pretreatment", "ToolGood.Pretreatment\ToolGood.Pretreatment.csproj", "{C56A98A5-CFB7-4297-BE26-EA5A20757339}"
EndProject
Project("{9A19103F-16F7-4668-BE54-9A1E7A4F7556}") = "ToolGood.StockTrainPart", "ToolGood.StockTrainPart\ToolGood.StockTrainPart.csproj", "{A6C1E6E0-539D-4B04-927C-B5DF9010EC28}"
EndProject
Project("{9A19103F-16F7-4668-BE54-9A1E7A4F7556}") = "ToolGood.HistoricalData", "ToolGood.HistoricalData\ToolGood.HistoricalData.csproj", "{6546CB32-8061-4089-BF48-46DC634AAC7B}"
EndProject
Project("{FAE04EC0-301F-11D3-BF4B-00C04F79EFBC}") = "ToolGood.BasicParameter", "ToolGood.BasicParameter\ToolGood.BasicParameter.csproj", "{887C98A5-0F6F-4FB9-840D-ABBED6F22C2C}"
EndProject
Global
	GlobalSection(SolutionConfigurationPlatforms) = preSolution
		CUDA|Any CPU = CUDA|Any CPU
		Debug|Any CPU = Debug|Any CPU
		Release|Any CPU = Release|Any CPU
	EndGlobalSection
	GlobalSection(ProjectConfigurationPlatforms) = postSolution
		{5EC30672-7102-4379-B6A9-553B492E3262}.CUDA|Any CPU.ActiveCfg = CUDA|Any CPU
		{5EC30672-7102-4379-B6A9-553B492E3262}.CUDA|Any CPU.Build.0 = CUDA|Any CPU
		{5EC30672-7102-4379-B6A9-553B492E3262}.Debug|Any CPU.ActiveCfg = Debug|Any CPU
		{5EC30672-7102-4379-B6A9-553B492E3262}.Debug|Any CPU.Build.0 = Debug|Any CPU
		{5EC30672-7102-4379-B6A9-553B492E3262}.Release|Any CPU.ActiveCfg = Release|Any CPU
		{5EC30672-7102-4379-B6A9-553B492E3262}.Release|Any CPU.Build.0 = Release|Any CPU
		{F4BB7110-7ACC-4222-97E5-3E2D7C25BA1B}.CUDA|Any CPU.ActiveCfg = CUDA|Any CPU
		{F4BB7110-7ACC-4222-97E5-3E2D7C25BA1B}.CUDA|Any CPU.Build.0 = CUDA|Any CPU
		{F4BB7110-7ACC-4222-97E5-3E2D7C25BA1B}.Debug|Any CPU.ActiveCfg = Debug|Any CPU
		{F4BB7110-7ACC-4222-97E5-3E2D7C25BA1B}.Debug|Any CPU.Build.0 = Debug|Any CPU
		{F4BB7110-7ACC-4222-97E5-3E2D7C25BA1B}.Release|Any CPU.ActiveCfg = Release|Any CPU
		{F4BB7110-7ACC-4222-97E5-3E2D7C25BA1B}.Release|Any CPU.Build.0 = Release|Any CPU
		{0A2D1DCF-63EB-4BF4-8997-11ABAE75FA0D}.CUDA|Any CPU.ActiveCfg = Debug|Any CPU
		{0A2D1DCF-63EB-4BF4-8997-11ABAE75FA0D}.CUDA|Any CPU.Build.0 = Debug|Any CPU
		{0A2D1DCF-63EB-4BF4-8997-11ABAE75FA0D}.Debug|Any CPU.ActiveCfg = Debug|Any CPU
		{0A2D1DCF-63EB-4BF4-8997-11ABAE75FA0D}.Debug|Any CPU.Build.0 = Debug|Any CPU
		{0A2D1DCF-63EB-4BF4-8997-11ABAE75FA0D}.Release|Any CPU.ActiveCfg = Release|Any CPU
		{0A2D1DCF-63EB-4BF4-8997-11ABAE75FA0D}.Release|Any CPU.Build.0 = Release|Any CPU
		{0B07257C-78E1-471D-9F36-0A2F669D8573}.CUDA|Any CPU.ActiveCfg = Debug|Any CPU
		{0B07257C-78E1-471D-9F36-0A2F669D8573}.CUDA|Any CPU.Build.0 = Debug|Any CPU
		{0B07257C-78E1-471D-9F36-0A2F669D8573}.Debug|Any CPU.ActiveCfg = Debug|Any CPU
		{0B07257C-78E1-471D-9F36-0A2F669D8573}.Debug|Any CPU.Build.0 = Debug|Any CPU
		{0B07257C-78E1-471D-9F36-0A2F669D8573}.Release|Any CPU.ActiveCfg = Release|Any CPU
		{0B07257C-78E1-471D-9F36-0A2F669D8573}.Release|Any CPU.Build.0 = Release|Any CPU
		{C56A98A5-CFB7-4297-BE26-EA5A20757339}.CUDA|Any CPU.ActiveCfg = Debug|Any CPU
		{C56A98A5-CFB7-4297-BE26-EA5A20757339}.CUDA|Any CPU.Build.0 = Debug|Any CPU
		{C56A98A5-CFB7-4297-BE26-EA5A20757339}.Debug|Any CPU.ActiveCfg = Debug|Any CPU
		{C56A98A5-CFB7-4297-BE26-EA5A20757339}.Debug|Any CPU.Build.0 = Debug|Any CPU
		{C56A98A5-CFB7-4297-BE26-EA5A20757339}.Release|Any CPU.ActiveCfg = Release|Any CPU
		{C56A98A5-CFB7-4297-BE26-EA5A20757339}.Release|Any CPU.Build.0 = Release|Any CPU
		{A6C1E6E0-539D-4B04-927C-B5DF9010EC28}.CUDA|Any CPU.ActiveCfg = Debug|Any CPU
		{A6C1E6E0-539D-4B04-927C-B5DF9010EC28}.CUDA|Any CPU.Build.0 = Debug|Any CPU
		{A6C1E6E0-539D-4B04-927C-B5DF9010EC28}.Debug|Any CPU.ActiveCfg = Debug|Any CPU
		{A6C1E6E0-539D-4B04-927C-B5DF9010EC28}.Debug|Any CPU.Build.0 = Debug|Any CPU
		{A6C1E6E0-539D-4B04-927C-B5DF9010EC28}.Release|Any CPU.ActiveCfg = Release|Any CPU
		{A6C1E6E0-539D-4B04-927C-B5DF9010EC28}.Release|Any CPU.Build.0 = Release|Any CPU
		{6546CB32-8061-4089-BF48-46DC634AAC7B}.CUDA|Any CPU.ActiveCfg = Debug|Any CPU
		{6546CB32-8061-4089-BF48-46DC634AAC7B}.CUDA|Any CPU.Build.0 = Debug|Any CPU
		{6546CB32-8061-4089-BF48-46DC634AAC7B}.Debug|Any CPU.ActiveCfg = Debug|Any CPU
		{6546CB32-8061-4089-BF48-46DC634AAC7B}.Debug|Any CPU.Build.0 = Debug|Any CPU
		{6546CB32-8061-4089-BF48-46DC634AAC7B}.Release|Any CPU.ActiveCfg = Release|Any CPU
		{6546CB32-8061-4089-BF48-46DC634AAC7B}.Release|Any CPU.Build.0 = Release|Any CPU
		{887C98A5-0F6F-4FB9-840D-ABBED6F22C2C}.CUDA|Any CPU.ActiveCfg = Debug|Any CPU
		{887C98A5-0F6F-4FB9-840D-ABBED6F22C2C}.CUDA|Any CPU.Build.0 = Debug|Any CPU
		{887C98A5-0F6F-4FB9-840D-ABBED6F22C2C}.Debug|Any CPU.ActiveCfg = Debug|Any CPU
		{887C98A5-0F6F-4FB9-840D-ABBED6F22C2C}.Debug|Any CPU.Build.0 = Debug|Any CPU
		{887C98A5-0F6F-4FB9-840D-ABBED6F22C2C}.Release|Any CPU.ActiveCfg = Release|Any CPU
		{887C98A5-0F6F-4FB9-840D-ABBED6F22C2C}.Release|Any CPU.Build.0 = Release|Any CPU
	EndGlobalSection
	GlobalSection(SolutionProperties) = preSolution
		HideSolutionNode = FALSE
	EndGlobalSection
	GlobalSection(NestedProjects) = preSolution
		{5EC30672-7102-4379-B6A9-553B492E3262} = {0D3E55A7-4D8B-483E-95D4-5CDF67D3A7BD}
		{0B07257C-78E1-471D-9F36-0A2F669D8573} = {0D3E55A7-4D8B-483E-95D4-5CDF67D3A7BD}
		{C56A98A5-CFB7-4297-BE26-EA5A20757339} = {7C323183-44C2-4CB3-A22F-94778C4A2550}
		{A6C1E6E0-539D-4B04-927C-B5DF9010EC28} = {9FD722DB-0B67-47FE-9C46-36E747E4FE16}
		{6546CB32-8061-4089-BF48-46DC634AAC7B} = {7C323183-44C2-4CB3-A22F-94778C4A2550}
		{887C98A5-0F6F-4FB9-840D-ABBED6F22C2C} = {7C323183-44C2-4CB3-A22F-94778C4A2550}
	EndGlobalSection
	GlobalSection(ExtensibilityGlobals) = postSolution
		SolutionGuid = {180FD4A5-F7C8-4036-86F8-4120FEC21E2B}
	EndGlobalSection
EndGlobal
